// !$*UTF8*$!
{
	archiveVersion = 1;
	classes = {
	};
	objectVersion = 56;
	objects = {

/* Begin PBXBuildFile section */
		A224CF4E2CE3DE910076938D /* bibliotecaApp.swift in Sources */ = {isa = PBXBuildFile; fileRef = A224CF4D2CE3DE910076938D /* bibliotecaApp.swift */; };
		A224CF522CE3DE940076938D /* Assets.xcassets in Resources */ = {isa = PBXBuildFile; fileRef = A224CF512CE3DE940076938D /* Assets.xcassets */; };
		A224CF552CE3DE940076938D /* Preview Assets.xcassets in Resources */ = {isa = PBXBuildFile; fileRef = A224CF542CE3DE940076938D /* Preview Assets.xcassets */; };
		A224CF612CE3E1D80076938D /* UserSession.swift in Sources */ = {isa = PBXBuildFile; fileRef = A224CF602CE3E1D80076938D /* UserSession.swift */; };
		A224CF632CE3E1EC0076938D /* GalleryArea.swift in Sources */ = {isa = PBXBuildFile; fileRef = A224CF622CE3E1EC0076938D /* GalleryArea.swift */; };
		A224CF652CE3E1FB0076938D /* Painting.swift in Sources */ = {isa = PBXBuildFile; fileRef = A224CF642CE3E1FB0076938D /* Painting.swift */; };
		A224CF672CE3E2060076938D /* LoginView.swift in Sources */ = {isa = PBXBuildFile; fileRef = A224CF662CE3E2060076938D /* LoginView.swift */; };
		A224CF692CE3E2110076938D /* RegisterView.swift in Sources */ = {isa = PBXBuildFile; fileRef = A224CF682CE3E2110076938D /* RegisterView.swift */; };
		A224CF6B2CE3E2190076938D /* ContentView.swift in Sources */ = {isa = PBXBuildFile; fileRef = A224CF6A2CE3E2190076938D /* ContentView.swift */; };
		A224CF6D2CE3E23F0076938D /* HomeView.swift in Sources */ = {isa = PBXBuildFile; fileRef = A224CF6C2CE3E23F0076938D /* HomeView.swift */; };
		A224CF6F2CE3E2470076938D /* MapView.swift in Sources */ = {isa = PBXBuildFile; fileRef = A224CF6E2CE3E2470076938D /* MapView.swift */; };
		A224CF712CE3E2510076938D /* RoomView.swift in Sources */ = {isa = PBXBuildFile; fileRef = A224CF702CE3E2510076938D /* RoomView.swift */; };
		A224CF732CE3E25D0076938D /* PaintingListView.swift in Sources */ = {isa = PBXBuildFile; fileRef = A224CF722CE3E25D0076938D /* PaintingListView.swift */; };
		A224CF752CE3E2690076938D /* PaintingRowView.swift in Sources */ = {isa = PBXBuildFile; fileRef = A224CF742CE3E2690076938D /* PaintingRowView.swift */; };
		A224CF772CE3E2760076938D /* PaintingDetailView.swift in Sources */ = {isa = PBXBuildFile; fileRef = A224CF762CE3E2760076938D /* PaintingDetailView.swift */; };
		A224CF792CE3E2810076938D /* ScanQRView.swift in Sources */ = {isa = PBXBuildFile; fileRef = A224CF782CE3E2810076938D /* ScanQRView.swift */; };
		A224CF7B2CE3E28C0076938D /* APIService.swift in Sources */ = {isa = PBXBuildFile; fileRef = A224CF7A2CE3E28C0076938D /* APIService.swift */; };
		A224CF7D2CE3E2980076938D /* Constants.swift in Sources */ = {isa = PBXBuildFile; fileRef = A224CF7C2CE3E2980076938D /* Constants.swift */; };
		A224CF7F2CE3E2A20076938D /* Extensions.swift in Sources */ = {isa = PBXBuildFile; fileRef = A224CF7E2CE3E2A20076938D /* Extensions.swift */; };
		A224CF822CE3E86B0076938D /* CodeScanner in Frameworks */ = {isa = PBXBuildFile; productRef = A224CF812CE3E86B0076938D /* CodeScanner */; };
		A2907E0D2D03A72300D1BCE2 /* certificate.der in Resources */ = {isa = PBXBuildFile; fileRef = A2907E0C2D03A59900D1BCE2 /* certificate.der */; };
		A2907E0F2D03A83200D1BCE2 /* localhost_cert.cnf in Resources */ = {isa = PBXBuildFile; fileRef = A2907E0E2D03A83200D1BCE2 /* localhost_cert.cnf */; };
		A2907E132D03EBBA00D1BCE2 /* default.jpg in Resources */ = {isa = PBXBuildFile; fileRef = A2907E122D03EBBA00D1BCE2 /* default.jpg */; };
		A2907E172D03FA2500D1BCE2 /* detailView.png in Resources */ = {isa = PBXBuildFile; fileRef = A2907E142D03FA2500D1BCE2 /* detailView.png */; };
		A2907E182D03FA2500D1BCE2 /* romView.png in Resources */ = {isa = PBXBuildFile; fileRef = A2907E152D03FA2500D1BCE2 /* romView.png */; };
		A2907E192D03FA2500D1BCE2 /* mapView.png in Resources */ = {isa = PBXBuildFile; fileRef = A2907E162D03FA2500D1BCE2 /* mapView.png */; };
/* End PBXBuildFile section */

/* Begin PBXFileReference section */
		A224CF4A2CE3DE910076938D /* biblioteca.app */ = {isa = PBXFileReference; explicitFileType = wrapper.application; includeInIndex = 0; path = biblioteca.app; sourceTree = BUILT_PRODUCTS_DIR; };
		A224CF4D2CE3DE910076938D /* bibliotecaApp.swift */ = {isa = PBXFileReference; lastKnownFileType = sourcecode.swift; path = bibliotecaApp.swift; sourceTree = "<group>"; };
		A224CF512CE3DE940076938D /* Assets.xcassets */ = {isa = PBXFileReference; lastKnownFileType = folder.assetcatalog; path = Assets.xcassets; sourceTree = "<group>"; };
		A224CF542CE3DE940076938D /* Preview Assets.xcassets */ = {isa = PBXFileReference; lastKnownFileType = folder.assetcatalog; path = "Preview Assets.xcassets"; sourceTree = "<group>"; };
		A224CF602CE3E1D80076938D /* UserSession.swift */ = {isa = PBXFileReference; lastKnownFileType = sourcecode.swift; path = UserSession.swift; sourceTree = "<group>"; };
		A224CF622CE3E1EC0076938D /* GalleryArea.swift */ = {isa = PBXFileReference; lastKnownFileType = sourcecode.swift; path = GalleryArea.swift; sourceTree = "<group>"; };
		A224CF642CE3E1FB0076938D /* Painting.swift */ = {isa = PBXFileReference; lastKnownFileType = sourcecode.swift; path = Painting.swift; sourceTree = "<group>"; };
		A224CF662CE3E2060076938D /* LoginView.swift */ = {isa = PBXFileReference; lastKnownFileType = sourcecode.swift; path = LoginView.swift; sourceTree = "<group>"; };
		A224CF682CE3E2110076938D /* RegisterView.swift */ = {isa = PBXFileReference; lastKnownFileType = sourcecode.swift; path = RegisterView.swift; sourceTree = "<group>"; };
		A224CF6A2CE3E2190076938D /* ContentView.swift */ = {isa = PBXFileReference; lastKnownFileType = sourcecode.swift; path = ContentView.swift; sourceTree = "<group>"; };
		A224CF6C2CE3E23F0076938D /* HomeView.swift */ = {isa = PBXFileReference; lastKnownFileType = sourcecode.swift; path = HomeView.swift; sourceTree = "<group>"; };
		A224CF6E2CE3E2470076938D /* MapView.swift */ = {isa = PBXFileReference; lastKnownFileType = sourcecode.swift; path = MapView.swift; sourceTree = "<group>"; };
		A224CF702CE3E2510076938D /* RoomView.swift */ = {isa = PBXFileReference; lastKnownFileType = sourcecode.swift; path = RoomView.swift; sourceTree = "<group>"; };
		A224CF722CE3E25D0076938D /* PaintingListView.swift */ = {isa = PBXFileReference; lastKnownFileType = sourcecode.swift; path = PaintingListView.swift; sourceTree = "<group>"; };
		A224CF742CE3E2690076938D /* PaintingRowView.swift */ = {isa = PBXFileReference; lastKnownFileType = sourcecode.swift; path = PaintingRowView.swift; sourceTree = "<group>"; };
		A224CF762CE3E2760076938D /* PaintingDetailView.swift */ = {isa = PBXFileReference; lastKnownFileType = sourcecode.swift; path = PaintingDetailView.swift; sourceTree = "<group>"; };
		A224CF782CE3E2810076938D /* ScanQRView.swift */ = {isa = PBXFileReference; lastKnownFileType = sourcecode.swift; path = ScanQRView.swift; sourceTree = "<group>"; };
		A224CF7A2CE3E28C0076938D /* APIService.swift */ = {isa = PBXFileReference; lastKnownFileType = sourcecode.swift; path = APIService.swift; sourceTree = "<group>"; };
		A224CF7C2CE3E2980076938D /* Constants.swift */ = {isa = PBXFileReference; lastKnownFileType = sourcecode.swift; path = Constants.swift; sourceTree = "<group>"; };
		A224CF7E2CE3E2A20076938D /* Extensions.swift */ = {isa = PBXFileReference; lastKnownFileType = sourcecode.swift; path = Extensions.swift; sourceTree = "<group>"; };
		A2907E0C2D03A59900D1BCE2 /* certificate.der */ = {isa = PBXFileReference; lastKnownFileType = file; path = certificate.der; sourceTree = "<group>"; };
		A2907E0E2D03A83200D1BCE2 /* localhost_cert.cnf */ = {isa = PBXFileReference; lastKnownFileType = text; path = localhost_cert.cnf; sourceTree = "<group>"; };
		A2907E122D03EBBA00D1BCE2 /* default.jpg */ = {isa = PBXFileReference; lastKnownFileType = image.jpeg; path = default.jpg; sourceTree = "<group>"; };
		A2907E142D03FA2500D1BCE2 /* detailView.png */ = {isa = PBXFileReference; lastKnownFileType = image.png; path = detailView.png; sourceTree = "<group>"; };
		A2907E152D03FA2500D1BCE2 /* romView.png */ = {isa = PBXFileReference; lastKnownFileType = image.png; path = romView.png; sourceTree = "<group>"; };
		A2907E162D03FA2500D1BCE2 /* mapView.png */ = {isa = PBXFileReference; lastKnownFileType = image.png; path = mapView.png; sourceTree = "<group>"; };
/* End PBXFileReference section */

/* Begin PBXFrameworksBuildPhase section */
		A224CF472CE3DE910076938D /* Frameworks */ = {
			isa = PBXFrameworksBuildPhase;
			buildActionMask = 2147483647;
			files = (
				A224CF822CE3E86B0076938D /* CodeScanner in Frameworks */,
			);
			runOnlyForDeploymentPostprocessing = 0;
		};
/* End PBXFrameworksBuildPhase section */

/* Begin PBXGroup section */
		A224CF412CE3DE910076938D = {
			isa = PBXGroup;
			children = (
				A224CF4C2CE3DE910076938D /* biblioteca */,
				A224CF4B2CE3DE910076938D /* Products */,
			);
			sourceTree = "<group>";
		};
		A224CF4B2CE3DE910076938D /* Products */ = {
			isa = PBXGroup;
			children = (
				A224CF4A2CE3DE910076938D /* biblioteca.app */,
			);
			name = Products;
			sourceTree = "<group>";
		};
		A224CF4C2CE3DE910076938D /* biblioteca */ = {
			isa = PBXGroup;
			children = (
				A2DC6FCB2D020E77009E0570 /* Resources */,
				A224CF5F2CE3E1B40076938D /* Assets */,
				A224CF5E2CE3E1AB0076938D /* Utilities */,
				A224CF5D2CE3E1A20076938D /* Services */,
				A224CF5C2CE3E19C0076938D /* Views */,
				A224CF5B2CE3E1920076938D /* Models */,
				A224CF4D2CE3DE910076938D /* bibliotecaApp.swift */,
				A224CF512CE3DE940076938D /* Assets.xcassets */,
				A224CF532CE3DE940076938D /* Preview Content */,
			);
			path = biblioteca;
			sourceTree = "<group>";
		};
		A224CF532CE3DE940076938D /* Preview Content */ = {
			isa = PBXGroup;
			children = (
				A224CF542CE3DE940076938D /* Preview Assets.xcassets */,
			);
			path = "Preview Content";
			sourceTree = "<group>";
		};
		A224CF5B2CE3E1920076938D /* Models */ = {
			isa = PBXGroup;
			children = (
				A224CF602CE3E1D80076938D /* UserSession.swift */,
				A224CF622CE3E1EC0076938D /* GalleryArea.swift */,
				A224CF642CE3E1FB0076938D /* Painting.swift */,
			);
			path = Models;
			sourceTree = "<group>";
		};
		A224CF5C2CE3E19C0076938D /* Views */ = {
			isa = PBXGroup;
			children = (
				A224CF662CE3E2060076938D /* LoginView.swift */,
				A224CF682CE3E2110076938D /* RegisterView.swift */,
				A224CF6A2CE3E2190076938D /* ContentView.swift */,
				A224CF6C2CE3E23F0076938D /* HomeView.swift */,
				A224CF6E2CE3E2470076938D /* MapView.swift */,
				A224CF702CE3E2510076938D /* RoomView.swift */,
				A224CF722CE3E25D0076938D /* PaintingListView.swift */,
				A224CF742CE3E2690076938D /* PaintingRowView.swift */,
				A224CF762CE3E2760076938D /* PaintingDetailView.swift */,
				A224CF782CE3E2810076938D /* ScanQRView.swift */,
			);
			path = Views;
			sourceTree = "<group>";
		};
		A224CF5D2CE3E1A20076938D /* Services */ = {
			isa = PBXGroup;
			children = (
				A224CF7A2CE3E28C0076938D /* APIService.swift */,
			);
			path = Services;
			sourceTree = "<group>";
		};
		A224CF5E2CE3E1AB0076938D /* Utilities */ = {
			isa = PBXGroup;
			children = (
				A224CF7C2CE3E2980076938D /* Constants.swift */,
				A224CF7E2CE3E2A20076938D /* Extensions.swift */,
			);
			path = Utilities;
			sourceTree = "<group>";
		};
		A224CF5F2CE3E1B40076938D /* Assets */ = {
			isa = PBXGroup;
			children = (
				A2907E142D03FA2500D1BCE2 /* detailView.png */,
				A2907E162D03FA2500D1BCE2 /* mapView.png */,
				A2907E152D03FA2500D1BCE2 /* romView.png */,
				A2907E122D03EBBA00D1BCE2 /* default.jpg */,
			);
			path = Assets;
			sourceTree = "<group>";
		};
		A2DC6FCB2D020E77009E0570 /* Resources */ = {
			isa = PBXGroup;
			children = (
				A2907E0C2D03A59900D1BCE2 /* certificate.der */,
				A2907E0E2D03A83200D1BCE2 /* localhost_cert.cnf */,
			);
			path = Resources;
			sourceTree = "<group>";
		};
/* End PBXGroup section */

/* Begin PBXNativeTarget section */
		A224CF492CE3DE910076938D /* biblioteca */ = {
			isa = PBXNativeTarget;
			buildConfigurationList = A224CF582CE3DE940076938D /* Build configuration list for PBXNativeTarget "biblioteca" */;
			buildPhases = (
				A224CF462CE3DE910076938D /* Sources */,
				A224CF472CE3DE910076938D /* Frameworks */,
				A224CF482CE3DE910076938D /* Resources */,
			);
			buildRules = (
			);
			dependencies = (
			);
			name = biblioteca;
			packageProductDependencies = (
				A224CF812CE3E86B0076938D /* CodeScanner */,
			);
			productName = biblioteca;
			productReference = A224CF4A2CE3DE910076938D /* biblioteca.app */;
			productType = "com.apple.product-type.application";
		};
/* End PBXNativeTarget section */

/* Begin PBXProject section */
		A224CF422CE3DE910076938D /* Project object */ = {
			isa = PBXProject;
			attributes = {
				BuildIndependentTargetsInParallel = 1;
				LastSwiftUpdateCheck = 1520;
				LastUpgradeCheck = 1520;
				TargetAttributes = {
					A224CF492CE3DE910076938D = {
						CreatedOnToolsVersion = 15.2;
					};
				};
			};
			buildConfigurationList = A224CF452CE3DE910076938D /* Build configuration list for PBXProject "biblioteca" */;
			compatibilityVersion = "Xcode 14.0";
			developmentRegion = en;
			hasScannedForEncodings = 0;
			knownRegions = (
				en,
				Base,
			);
			mainGroup = A224CF412CE3DE910076938D;
			packageReferences = (
				A224CF802CE3E86A0076938D /* XCRemoteSwiftPackageReference "CodeScanner" */,
			);
			productRefGroup = A224CF4B2CE3DE910076938D /* Products */;
			projectDirPath = "";
			projectRoot = "";
			targets = (
				A224CF492CE3DE910076938D /* biblioteca */,
			);
		};
/* End PBXProject section */

/* Begin PBXResourcesBuildPhase section */
		A224CF482CE3DE910076938D /* Resources */ = {
			isa = PBXResourcesBuildPhase;
			buildActionMask = 2147483647;
			files = (
				A2907E182D03FA2500D1BCE2 /* romView.png in Resources */,
				A224CF552CE3DE940076938D /* Preview Assets.xcassets in Resources */,
				A2907E172D03FA2500D1BCE2 /* detailView.png in Resources */,
				A2907E0F2D03A83200D1BCE2 /* localhost_cert.cnf in Resources */,
				A224CF522CE3DE940076938D /* Assets.xcassets in Resources */,
				A2907E0D2D03A72300D1BCE2 /* certificate.der in Resources */,
				A2907E132D03EBBA00D1BCE2 /* default.jpg in Resources */,
				A2907E192D03FA2500D1BCE2 /* mapView.png in Resources */,
			);
			runOnlyForDeploymentPostprocessing = 0;
		};
/* End PBXResourcesBuildPhase section */

/* Begin PBXSourcesBuildPhase section */
		A224CF462CE3DE910076938D /* Sources */ = {
			isa = PBXSourcesBuildPhase;
			buildActionMask = 2147483647;
			files = (
				A224CF6D2CE3E23F0076938D /* HomeView.swift in Sources */,
				A224CF7F2CE3E2A20076938D /* Extensions.swift in Sources */,
				A224CF7D2CE3E2980076938D /* Constants.swift in Sources */,
				A224CF752CE3E2690076938D /* PaintingRowView.swift in Sources */,
				A224CF672CE3E2060076938D /* LoginView.swift in Sources */,
				A224CF612CE3E1D80076938D /* UserSession.swift in Sources */,
				A224CF6B2CE3E2190076938D /* ContentView.swift in Sources */,
				A224CF632CE3E1EC0076938D /* GalleryArea.swift in Sources */,
				A224CF7B2CE3E28C0076938D /* APIService.swift in Sources */,
				A224CF692CE3E2110076938D /* RegisterView.swift in Sources */,
				A224CF732CE3E25D0076938D /* PaintingListView.swift in Sources */,
				A224CF652CE3E1FB0076938D /* Painting.swift in Sources */,
				A224CF6F2CE3E2470076938D /* MapView.swift in Sources */,
				A224CF712CE3E2510076938D /* RoomView.swift in Sources */,
				A224CF792CE3E2810076938D /* ScanQRView.swift in Sources */,
				A224CF4E2CE3DE910076938D /* bibliotecaApp.swift in Sources */,
				A224CF772CE3E2760076938D /* PaintingDetailView.swift in Sources */,
			);
			runOnlyForDeploymentPostprocessing = 0;
		};
/* End PBXSourcesBuildPhase section */

/* Begin XCBuildConfiguration section */
		A224CF562CE3DE940076938D /* Debug */ = {
			isa = XCBuildConfiguration;
			buildSettings = {
				ALWAYS_SEARCH_USER_PATHS = NO;
				ASSETCATALOG_COMPILER_GENERATE_SWIFT_ASSET_SYMBOL_EXTENSIONS = YES;
				CLANG_ANALYZER_NONNULL = YES;
				CLANG_ANALYZER_NUMBER_OBJECT_CONVERSION = YES_AGGRESSIVE;
				CLANG_CXX_LANGUAGE_STANDARD = "gnu++20";
				CLANG_ENABLE_MODULES = YES;
				CLANG_ENABLE_OBJC_ARC = YES;
				CLANG_ENABLE_OBJC_WEAK = YES;
				CLANG_WARN_BLOCK_CAPTURE_AUTORELEASING = YES;
				CLANG_WARN_BOOL_CONVERSION = YES;
				CLANG_WARN_COMMA = YES;
				CLANG_WARN_CONSTANT_CONVERSION = YES;
				CLANG_WARN_DEPRECATED_OBJC_IMPLEMENTATIONS = YES;
				CLANG_WARN_DIRECT_OBJC_ISA_USAGE = YES_ERROR;
				CLANG_WARN_DOCUMENTATION_COMMENTS = YES;
				CLANG_WARN_EMPTY_BODY = YES;
				CLANG_WARN_ENUM_CONVERSION = YES;
				CLANG_WARN_INFINITE_RECURSION = YES;
				CLANG_WARN_INT_CONVERSION = YES;
				CLANG_WARN_NON_LITERAL_NULL_CONVERSION = YES;
				CLANG_WARN_OBJC_IMPLICIT_RETAIN_SELF = YES;
				CLANG_WARN_OBJC_LITERAL_CONVERSION = YES;
				CLANG_WARN_OBJC_ROOT_CLASS = YES_ERROR;
				CLANG_WARN_QUOTED_INCLUDE_IN_FRAMEWORK_HEADER = YES;
				CLANG_WARN_RANGE_LOOP_ANALYSIS = YES;
				CLANG_WARN_STRICT_PROTOTYPES = YES;
				CLANG_WARN_SUSPICIOUS_MOVE = YES;
				CLANG_WARN_UNGUARDED_AVAILABILITY = YES_AGGRESSIVE;
				CLANG_WARN_UNREACHABLE_CODE = YES;
				CLANG_WARN__DUPLICATE_METHOD_MATCH = YES;
				COPY_PHASE_STRIP = NO;
				DEBUG_INFORMATION_FORMAT = dwarf;
				ENABLE_STRICT_OBJC_MSGSEND = YES;
				ENABLE_TESTABILITY = YES;
				ENABLE_USER_SCRIPT_SANDBOXING = YES;
				GCC_C_LANGUAGE_STANDARD = gnu17;
				GCC_DYNAMIC_NO_PIC = NO;
				GCC_NO_COMMON_BLOCKS = YES;
				GCC_OPTIMIZATION_LEVEL = 0;
				GCC_PREPROCESSOR_DEFINITIONS = (
					"DEBUG=1",
					"$(inherited)",
				);
				GCC_WARN_64_TO_32_BIT_CONVERSION = YES;
				GCC_WARN_ABOUT_RETURN_TYPE = YES_ERROR;
				GCC_WARN_UNDECLARED_SELECTOR = YES;
				GCC_WARN_UNINITIALIZED_AUTOS = YES_AGGRESSIVE;
				GCC_WARN_UNUSED_FUNCTION = YES;
				GCC_WARN_UNUSED_VARIABLE = YES;
				IPHONEOS_DEPLOYMENT_TARGET = 17.2;
				LOCALIZATION_PREFERS_STRING_CATALOGS = YES;
				MTL_ENABLE_DEBUG_INFO = INCLUDE_SOURCE;
				MTL_FAST_MATH = YES;
				ONLY_ACTIVE_ARCH = YES;
				SDKROOT = iphoneos;
				SWIFT_ACTIVE_COMPILATION_CONDITIONS = "DEBUG $(inherited)";
				SWIFT_OPTIMIZATION_LEVEL = "-Onone";
			};
			name = Debug;
		};
		A224CF572CE3DE940076938D /* Release */ = {
			isa = XCBuildConfiguration;
			buildSettings = {
				ALWAYS_SEARCH_USER_PATHS = NO;
				ASSETCATALOG_COMPILER_GENERATE_SWIFT_ASSET_SYMBOL_EXTENSIONS = YES;
				CLANG_ANALYZER_NONNULL = YES;
				CLANG_ANALYZER_NUMBER_OBJECT_CONVERSION = YES_AGGRESSIVE;
				CLANG_CXX_LANGUAGE_STANDARD = "gnu++20";
				CLANG_ENABLE_MODULES = YES;
				CLANG_ENABLE_OBJC_ARC = YES;
				CLANG_ENABLE_OBJC_WEAK = YES;
				CLANG_WARN_BLOCK_CAPTURE_AUTORELEASING = YES;
				CLANG_WARN_BOOL_CONVERSION = YES;
				CLANG_WARN_COMMA = YES;
				CLANG_WARN_CONSTANT_CONVERSION = YES;
				CLANG_WARN_DEPRECATED_OBJC_IMPLEMENTATIONS = YES;
				CLANG_WARN_DIRECT_OBJC_ISA_USAGE = YES_ERROR;
				CLANG_WARN_DOCUMENTATION_COMMENTS = YES;
				CLANG_WARN_EMPTY_BODY = YES;
				CLANG_WARN_ENUM_CONVERSION = YES;
				CLANG_WARN_INFINITE_RECURSION = YES;
				CLANG_WARN_INT_CONVERSION = YES;
				CLANG_WARN_NON_LITERAL_NULL_CONVERSION = YES;
				CLANG_WARN_OBJC_IMPLICIT_RETAIN_SELF = YES;
				CLANG_WARN_OBJC_LITERAL_CONVERSION = YES;
				CLANG_WARN_OBJC_ROOT_CLASS = YES_ERROR;
				CLANG_WARN_QUOTED_INCLUDE_IN_FRAMEWORK_HEADER = YES;
				CLANG_WARN_RANGE_LOOP_ANALYSIS = YES;
				CLANG_WARN_STRICT_PROTOTYPES = YES;
				CLANG_WARN_SUSPICIOUS_MOVE = YES;
				CLANG_WARN_UNGUARDED_AVAILABILITY = YES_AGGRESSIVE;
				CLANG_WARN_UNREACHABLE_CODE = YES;
				CLANG_WARN__DUPLICATE_METHOD_MATCH = YES;
				COPY_PHASE_STRIP = NO;
				DEBUG_INFORMATION_FORMAT = "dwarf-with-dsym";
				ENABLE_NS_ASSERTIONS = NO;
				ENABLE_STRICT_OBJC_MSGSEND = YES;
				ENABLE_USER_SCRIPT_SANDBOXING = YES;
				GCC_C_LANGUAGE_STANDARD = gnu17;
				GCC_NO_COMMON_BLOCKS = YES;
				GCC_WARN_64_TO_32_BIT_CONVERSION = YES;
				GCC_WARN_ABOUT_RETURN_TYPE = YES_ERROR;
				GCC_WARN_UNDECLARED_SELECTOR = YES;
				GCC_WARN_UNINITIALIZED_AUTOS = YES_AGGRESSIVE;
				GCC_WARN_UNUSED_FUNCTION = YES;
				GCC_WARN_UNUSED_VARIABLE = YES;
				IPHONEOS_DEPLOYMENT_TARGET = 17.2;
				LOCALIZATION_PREFERS_STRING_CATALOGS = YES;
				MTL_ENABLE_DEBUG_INFO = NO;
				MTL_FAST_MATH = YES;
				SDKROOT = iphoneos;
				SWIFT_COMPILATION_MODE = wholemodule;
				VALIDATE_PRODUCT = YES;
			};
			name = Release;
		};
		A224CF592CE3DE940076938D /* Debug */ = {
			isa = XCBuildConfiguration;
			buildSettings = {
				ASSETCATALOG_COMPILER_APPICON_NAME = AppIcon;
				ASSETCATALOG_COMPILER_GLOBAL_ACCENT_COLOR_NAME = AccentColor;
				CODE_SIGN_STYLE = Automatic;
				CURRENT_PROJECT_VERSION = 1;
				DEVELOPMENT_ASSET_PATHS = "\"biblioteca/Preview Content\"";
				ENABLE_PREVIEWS = NO;
				GENERATE_INFOPLIST_FILE = YES;
				INFOPLIST_KEY_UIApplicationSceneManifest_Generation = YES;
				INFOPLIST_KEY_UIApplicationSupportsIndirectInputEvents = YES;
				INFOPLIST_KEY_UILaunchScreen_Generation = YES;
				INFOPLIST_KEY_UISupportedInterfaceOrientations_iPad = "UIInterfaceOrientationPortrait UIInterfaceOrientationPortraitUpsideDown UIInterfaceOrientationLandscapeLeft UIInterfaceOrientationLandscapeRight";
				INFOPLIST_KEY_UISupportedInterfaceOrientations_iPhone = "UIInterfaceOrientationPortrait UIInterfaceOrientationLandscapeLeft UIInterfaceOrientationLandscapeRight";
				IPHONEOS_DEPLOYMENT_TARGET = 16.0;
				LD_RUNPATH_SEARCH_PATHS = (
					"$(inherited)",
					"@executable_path/Frameworks",
				);
				MARKETING_VERSION = 1.0;
				PRODUCT_BUNDLE_IDENTIFIER = unsa.biblioteca;
				PRODUCT_NAME = "$(TARGET_NAME)";
				SUPPORTED_PLATFORMS = "iphoneos iphonesimulator";
				SUPPORTS_MACCATALYST = NO;
				SUPPORTS_MAC_DESIGNED_FOR_IPHONE_IPAD = NO;
				SUPPORTS_XR_DESIGNED_FOR_IPHONE_IPAD = NO;
				SWIFT_EMIT_LOC_STRINGS = YES;
				SWIFT_VERSION = 5.0;
				TARGETED_DEVICE_FAMILY = 1;
			};
			name = Debug;
		};
		A224CF5A2CE3DE940076938D /* Release */ = {
			isa = XCBuildConfiguration;
			buildSettings = {
				ASSETCATALOG_COMPILER_APPICON_NAME = AppIcon;
				ASSETCATALOG_COMPILER_GLOBAL_ACCENT_COLOR_NAME = AccentColor;
				CODE_SIGN_STYLE = Automatic;
				CURRENT_PROJECT_VERSION = 1;
				DEVELOPMENT_ASSET_PATHS = "\"biblioteca/Preview Content\"";
				ENABLE_PREVIEWS = NO;
				GENERATE_INFOPLIST_FILE = YES;
				INFOPLIST_KEY_UIApplicationSceneManifest_Generation = YES;
				INFOPLIST_KEY_UIApplicationSupportsIndirectInputEvents = YES;
				INFOPLIST_KEY_UILaunchScreen_Generation = YES;
				INFOPLIST_KEY_UISupportedInterfaceOrientations_iPad = "UIInterfaceOrientationPortrait UIInterfaceOrientationPortraitUpsideDown UIInterfaceOrientationLandscapeLeft UIInterfaceOrientationLandscapeRight";
				INFOPLIST_KEY_UISupportedInterfaceOrientations_iPhone = "UIInterfaceOrientationPortrait UIInterfaceOrientationLandscapeLeft UIInterfaceOrientationLandscapeRight";
				IPHONEOS_DEPLOYMENT_TARGET = 16.0;
				LD_RUNPATH_SEARCH_PATHS = (
					"$(inherited)",
					"@executable_path/Frameworks",
				);
				MARKETING_VERSION = 1.0;
				PRODUCT_BUNDLE_IDENTIFIER = unsa.biblioteca;
				PRODUCT_NAME = "$(TARGET_NAME)";
				SUPPORTED_PLATFORMS = "iphoneos iphonesimulator";
				SUPPORTS_MACCATALYST = NO;
				SUPPORTS_MAC_DESIGNED_FOR_IPHONE_IPAD = NO;
				SUPPORTS_XR_DESIGNED_FOR_IPHONE_IPAD = NO;
				SWIFT_EMIT_LOC_STRINGS = YES;
				SWIFT_VERSION = 5.0;
				TARGETED_DEVICE_FAMILY = 1;
			};
			name = Release;
		};
/* End XCBuildConfiguration section */

/* Begin XCConfigurationList section */
		A224CF452CE3DE910076938D /* Build configuration list for PBXProject "biblioteca" */ = {
			isa = XCConfigurationList;
			buildConfigurations = (
				A224CF562CE3DE940076938D /* Debug */,
				A224CF572CE3DE940076938D /* Release */,
			);
			defaultConfigurationIsVisible = 0;
			defaultConfigurationName = Release;
		};
		A224CF582CE3DE940076938D /* Build configuration list for PBXNativeTarget "biblioteca" */ = {
			isa = XCConfigurationList;
			buildConfigurations = (
				A224CF592CE3DE940076938D /* Debug */,
				A224CF5A2CE3DE940076938D /* Release */,
			);
			defaultConfigurationIsVisible = 0;
			defaultConfigurationName = Release;
		};
/* End XCConfigurationList section */

/* Begin XCRemoteSwiftPackageReference section */
		A224CF802CE3E86A0076938D /* XCRemoteSwiftPackageReference "CodeScanner" */ = {
			isa = XCRemoteSwiftPackageReference;
			repositoryURL = "https://github.com/twostraws/CodeScanner";
			requirement = {
				kind = upToNextMajorVersion;
				minimumVersion = 2.5.1;
			};
		};
/* End XCRemoteSwiftPackageReference section */

/* Begin XCSwiftPackageProductDependency section */
		A224CF812CE3E86B0076938D /* CodeScanner */ = {
			isa = XCSwiftPackageProductDependency;
			package = A224CF802CE3E86A0076938D /* XCRemoteSwiftPackageReference "CodeScanner" */;
			productName = CodeScanner;
		};
/* End XCSwiftPackageProductDependency section */
	};
	rootObject = A224CF422CE3DE910076938D /* Project object */;
}
